
Microsoft Visual Studio Solution File, Format Version 12.00
Project("{FAE04EC0-301F-11D3-BF4B-00C04F79EFBC}") = "Lab_0", "Lab_0\Lab_0.csproj", "{A23A76FE-C6FD-49CE-BEAD-E9F8E68632AD}"
EndProject
Global
	GlobalSection(SolutionConfigurationPlatforms) = preSolution
		Debug|Any CPU = Debug|Any CPU
		Release|Any CPU = Release|Any CPU
	EndGlobalSection
	GlobalSection(ProjectConfigurationPlatforms) = postSolution
		{A23A76FE-C6FD-49CE-BEAD-E9F8E68632AD}.Debug|Any CPU.ActiveCfg = Debug|Any CPU
		{A23A76FE-C6FD-49CE-BEAD-E9F8E68632AD}.Debug|Any CPU.Build.0 = Debug|Any CPU
		{A23A76FE-C6FD-49CE-BEAD-E9F8E68632AD}.Release|Any CPU.ActiveCfg = Release|Any CPU
		{A23A76FE-C6FD-49CE-BEAD-E9F8E68632AD}.Release|Any CPU.Build.0 = Release|Any CPU
	EndGlobalSection
EndGlobal
